// !$*UTF8*$!
{
	archiveVersion = 1;
	classes = {
	};
	objectVersion = 48;
	objects = {

/* Begin PBXBuildFile section */
		9603B25D1F64E02E0093B145 /* ItemManager.swift in Sources */ = {isa = PBXBuildFile; fileRef = 9603B25C1F64E02E0093B145 /* ItemManager.swift */; };
		9603B25F1F64E0580093B145 /* ItemManagerTest.swift in Sources */ = {isa = PBXBuildFile; fileRef = 9603B25E1F64E0580093B145 /* ItemManagerTest.swift */; };
		961D848D1F67961B007FEBF6 /* ItemCellTests.swift in Sources */ = {isa = PBXBuildFile; fileRef = 961D848C1F67961B007FEBF6 /* ItemCellTests.swift */; };
		962430A21F64A9B900246129 /* AppDelegate.swift in Sources */ = {isa = PBXBuildFile; fileRef = 962430A11F64A9B900246129 /* AppDelegate.swift */; };
		962430A71F64A9B900246129 /* Main.storyboard in Resources */ = {isa = PBXBuildFile; fileRef = 962430A51F64A9B900246129 /* Main.storyboard */; };
		962430A91F64A9B900246129 /* Assets.xcassets in Resources */ = {isa = PBXBuildFile; fileRef = 962430A81F64A9B900246129 /* Assets.xcassets */; };
		962430AC1F64A9B900246129 /* LaunchScreen.storyboard in Resources */ = {isa = PBXBuildFile; fileRef = 962430AA1F64A9B900246129 /* LaunchScreen.storyboard */; };
		962430C21F64ACEB00246129 /* ToDoItemTests.swift in Sources */ = {isa = PBXBuildFile; fileRef = 962430C11F64ACEB00246129 /* ToDoItemTests.swift */; };
		962430C51F64ADB900246129 /* ToDoItem.swift in Sources */ = {isa = PBXBuildFile; fileRef = 962430C41F64ADB900246129 /* ToDoItem.swift */; };
		962430C71F64BAC100246129 /* Location.swift in Sources */ = {isa = PBXBuildFile; fileRef = 962430C61F64BAC100246129 /* Location.swift */; };
		962430C91F64BE2300246129 /* LocationTests.swift in Sources */ = {isa = PBXBuildFile; fileRef = 962430C81F64BE2300246129 /* LocationTests.swift */; };
		96838A721F65A5E000B55284 /* ItemListViewControllerTests.swift in Sources */ = {isa = PBXBuildFile; fileRef = 96838A711F65A5E000B55284 /* ItemListViewControllerTests.swift */; };
		96838A741F65AB4900B55284 /* ItemListViewController.swift in Sources */ = {isa = PBXBuildFile; fileRef = 96838A731F65AB4900B55284 /* ItemListViewController.swift */; };
		96838A761F65B26100B55284 /* ItemListDataProvider.swift in Sources */ = {isa = PBXBuildFile; fileRef = 96838A751F65B26100B55284 /* ItemListDataProvider.swift */; };
		96838A7A1F65BED600B55284 /* ItemDataProviderTests.swift in Sources */ = {isa = PBXBuildFile; fileRef = 96838A791F65BED600B55284 /* ItemDataProviderTests.swift */; };
		96A39A9F1F6F479C000E7749 /* StoryboardTests.swift in Sources */ = {isa = PBXBuildFile; fileRef = 96A39A9E1F6F479C000E7749 /* StoryboardTests.swift */; };
		96AFC3571F68E6410023B314 /* DetailViewControllerTests.swift in Sources */ = {isa = PBXBuildFile; fileRef = 96AFC3561F68E6410023B314 /* DetailViewControllerTests.swift */; };
		96AFC3591F68E6FC0023B314 /* DetailViewController.swift in Sources */ = {isa = PBXBuildFile; fileRef = 96AFC3581F68E6FC0023B314 /* DetailViewController.swift */; };
		96B283501F73451C00885C1A /* ToDoUITests.swift in Sources */ = {isa = PBXBuildFile; fileRef = 96B2834F1F73451C00885C1A /* ToDoUITests.swift */; };
		96B5DC2A1F6DF1EE0013847E /* APIClientTests.swift in Sources */ = {isa = PBXBuildFile; fileRef = 96B5DC291F6DF1EE0013847E /* APIClientTests.swift */; };
		96B5DC2C1F6DF2630013847E /* APIClient.swift in Sources */ = {isa = PBXBuildFile; fileRef = 96B5DC2B1F6DF2630013847E /* APIClient.swift */; };
		96B5DC2E1F6E01390013847E /* Token.swift in Sources */ = {isa = PBXBuildFile; fileRef = 96B5DC2D1F6E01390013847E /* Token.swift */; };
		96D0DFAD1F66398F008D9740 /* ItemCell.swift in Sources */ = {isa = PBXBuildFile; fileRef = 96D0DFAC1F66398F008D9740 /* ItemCell.swift */; };
		96DDADDE1F69E98C00C8D26D /* InputViewControllerTests.swift in Sources */ = {isa = PBXBuildFile; fileRef = 96DDADDD1F69E98C00C8D26D /* InputViewControllerTests.swift */; };
		96DDADE01F69EAC500C8D26D /* InputViewController.swift in Sources */ = {isa = PBXBuildFile; fileRef = 96DDADDF1F69EAC500C8D26D /* InputViewController.swift */; };
/* End PBXBuildFile section */

/* Begin PBXContainerItemProxy section */
		962430B31F64A9B900246129 /* PBXContainerItemProxy */ = {
			isa = PBXContainerItemProxy;
			containerPortal = 962430961F64A9B900246129 /* Project object */;
			proxyType = 1;
			remoteGlobalIDString = 9624309D1F64A9B900246129;
			remoteInfo = ToDo;
		};
		96B283521F73451C00885C1A /* PBXContainerItemProxy */ = {
			isa = PBXContainerItemProxy;
			containerPortal = 962430961F64A9B900246129 /* Project object */;
			proxyType = 1;
			remoteGlobalIDString = 9624309D1F64A9B900246129;
			remoteInfo = ToDo;
		};
/* End PBXContainerItemProxy section */

/* Begin PBXFileReference section */
		9603B25C1F64E02E0093B145 /* ItemManager.swift */ = {isa = PBXFileReference; lastKnownFileType = sourcecode.swift; path = ItemManager.swift; sourceTree = "<group>"; };
		9603B25E1F64E0580093B145 /* ItemManagerTest.swift */ = {isa = PBXFileReference; lastKnownFileType = sourcecode.swift; path = ItemManagerTest.swift; sourceTree = "<group>"; };
		961D848C1F67961B007FEBF6 /* ItemCellTests.swift */ = {isa = PBXFileReference; lastKnownFileType = sourcecode.swift; path = ItemCellTests.swift; sourceTree = "<group>"; };
		9624309E1F64A9B900246129 /* ToDo.app */ = {isa = PBXFileReference; explicitFileType = wrapper.application; includeInIndex = 0; path = ToDo.app; sourceTree = BUILT_PRODUCTS_DIR; };
		962430A11F64A9B900246129 /* AppDelegate.swift */ = {isa = PBXFileReference; lastKnownFileType = sourcecode.swift; path = AppDelegate.swift; sourceTree = "<group>"; };
		962430A61F64A9B900246129 /* Base */ = {isa = PBXFileReference; lastKnownFileType = file.storyboard; name = Base; path = Base.lproj/Main.storyboard; sourceTree = "<group>"; };
		962430A81F64A9B900246129 /* Assets.xcassets */ = {isa = PBXFileReference; lastKnownFileType = folder.assetcatalog; path = Assets.xcassets; sourceTree = "<group>"; };
		962430AB1F64A9B900246129 /* Base */ = {isa = PBXFileReference; lastKnownFileType = file.storyboard; name = Base; path = Base.lproj/LaunchScreen.storyboard; sourceTree = "<group>"; };
		962430AD1F64A9B900246129 /* Info.plist */ = {isa = PBXFileReference; lastKnownFileType = text.plist.xml; path = Info.plist; sourceTree = "<group>"; };
		962430B21F64A9B900246129 /* ToDoTests.xctest */ = {isa = PBXFileReference; explicitFileType = wrapper.cfbundle; includeInIndex = 0; path = ToDoTests.xctest; sourceTree = BUILT_PRODUCTS_DIR; };
		962430B81F64A9B900246129 /* Info.plist */ = {isa = PBXFileReference; lastKnownFileType = text.plist.xml; path = Info.plist; sourceTree = "<group>"; };
		962430C11F64ACEB00246129 /* ToDoItemTests.swift */ = {isa = PBXFileReference; lastKnownFileType = sourcecode.swift; path = ToDoItemTests.swift; sourceTree = "<group>"; };
		962430C41F64ADB900246129 /* ToDoItem.swift */ = {isa = PBXFileReference; lastKnownFileType = sourcecode.swift; path = ToDoItem.swift; sourceTree = "<group>"; };
		962430C61F64BAC100246129 /* Location.swift */ = {isa = PBXFileReference; lastKnownFileType = sourcecode.swift; path = Location.swift; sourceTree = "<group>"; };
		962430C81F64BE2300246129 /* LocationTests.swift */ = {isa = PBXFileReference; lastKnownFileType = sourcecode.swift; path = LocationTests.swift; sourceTree = "<group>"; };
		96838A711F65A5E000B55284 /* ItemListViewControllerTests.swift */ = {isa = PBXFileReference; lastKnownFileType = sourcecode.swift; path = ItemListViewControllerTests.swift; sourceTree = "<group>"; };
		96838A731F65AB4900B55284 /* ItemListViewController.swift */ = {isa = PBXFileReference; lastKnownFileType = sourcecode.swift; path = ItemListViewController.swift; sourceTree = "<group>"; };
		96838A751F65B26100B55284 /* ItemListDataProvider.swift */ = {isa = PBXFileReference; lastKnownFileType = sourcecode.swift; path = ItemListDataProvider.swift; sourceTree = "<group>"; };
		96838A791F65BED600B55284 /* ItemDataProviderTests.swift */ = {isa = PBXFileReference; lastKnownFileType = sourcecode.swift; path = ItemDataProviderTests.swift; sourceTree = "<group>"; };
		96A39A9E1F6F479C000E7749 /* StoryboardTests.swift */ = {isa = PBXFileReference; lastKnownFileType = sourcecode.swift; path = StoryboardTests.swift; sourceTree = "<group>"; };
		96AFC3561F68E6410023B314 /* DetailViewControllerTests.swift */ = {isa = PBXFileReference; lastKnownFileType = sourcecode.swift; path = DetailViewControllerTests.swift; sourceTree = "<group>"; };
		96AFC3581F68E6FC0023B314 /* DetailViewController.swift */ = {isa = PBXFileReference; lastKnownFileType = sourcecode.swift; path = DetailViewController.swift; sourceTree = "<group>"; };
		96B2834D1F73451C00885C1A /* ToDoUITests.xctest */ = {isa = PBXFileReference; explicitFileType = wrapper.cfbundle; includeInIndex = 0; path = ToDoUITests.xctest; sourceTree = BUILT_PRODUCTS_DIR; };
		96B2834F1F73451C00885C1A /* ToDoUITests.swift */ = {isa = PBXFileReference; lastKnownFileType = sourcecode.swift; path = ToDoUITests.swift; sourceTree = "<group>"; };
		96B283511F73451C00885C1A /* Info.plist */ = {isa = PBXFileReference; lastKnownFileType = text.plist.xml; path = Info.plist; sourceTree = "<group>"; };
		96B5DC291F6DF1EE0013847E /* APIClientTests.swift */ = {isa = PBXFileReference; lastKnownFileType = sourcecode.swift; path = APIClientTests.swift; sourceTree = "<group>"; };
		96B5DC2B1F6DF2630013847E /* APIClient.swift */ = {isa = PBXFileReference; lastKnownFileType = sourcecode.swift; path = APIClient.swift; sourceTree = "<group>"; };
		96B5DC2D1F6E01390013847E /* Token.swift */ = {isa = PBXFileReference; lastKnownFileType = sourcecode.swift; path = Token.swift; sourceTree = "<group>"; };
		96D0DFAC1F66398F008D9740 /* ItemCell.swift */ = {isa = PBXFileReference; lastKnownFileType = sourcecode.swift; path = ItemCell.swift; sourceTree = "<group>"; };
		96DDADDD1F69E98C00C8D26D /* InputViewControllerTests.swift */ = {isa = PBXFileReference; lastKnownFileType = sourcecode.swift; path = InputViewControllerTests.swift; sourceTree = "<group>"; };
		96DDADDF1F69EAC500C8D26D /* InputViewController.swift */ = {isa = PBXFileReference; lastKnownFileType = sourcecode.swift; path = InputViewController.swift; sourceTree = "<group>"; };
/* End PBXFileReference section */

/* Begin PBXFrameworksBuildPhase section */
		9624309B1F64A9B900246129 /* Frameworks */ = {
			isa = PBXFrameworksBuildPhase;
			buildActionMask = 2147483647;
			files = (
			);
			runOnlyForDeploymentPostprocessing = 0;
		};
		962430AF1F64A9B900246129 /* Frameworks */ = {
			isa = PBXFrameworksBuildPhase;
			buildActionMask = 2147483647;
			files = (
			);
			runOnlyForDeploymentPostprocessing = 0;
		};
		96B2834A1F73451C00885C1A /* Frameworks */ = {
			isa = PBXFrameworksBuildPhase;
			buildActionMask = 2147483647;
			files = (
			);
			runOnlyForDeploymentPostprocessing = 0;
		};
/* End PBXFrameworksBuildPhase section */

/* Begin PBXGroup section */
		962430951F64A9B900246129 = {
			isa = PBXGroup;
			children = (
				962430A01F64A9B900246129 /* ToDo */,
				962430B51F64A9B900246129 /* ToDoTests */,
				96B2834E1F73451C00885C1A /* ToDoUITests */,
				9624309F1F64A9B900246129 /* Products */,
			);
			sourceTree = "<group>";
		};
		9624309F1F64A9B900246129 /* Products */ = {
			isa = PBXGroup;
			children = (
				9624309E1F64A9B900246129 /* ToDo.app */,
				962430B21F64A9B900246129 /* ToDoTests.xctest */,
				96B2834D1F73451C00885C1A /* ToDoUITests.xctest */,
			);
			name = Products;
			sourceTree = "<group>";
		};
		962430A01F64A9B900246129 /* ToDo */ = {
			isa = PBXGroup;
			children = (
				96A39A9C1F6F4760000E7749 /* Networking */,
				96838A771F65BE9800B55284 /* Conroller */,
				962430C31F64ADA600246129 /* Model */,
				962430A11F64A9B900246129 /* AppDelegate.swift */,
				962430A51F64A9B900246129 /* Main.storyboard */,
				962430A81F64A9B900246129 /* Assets.xcassets */,
				962430AA1F64A9B900246129 /* LaunchScreen.storyboard */,
				962430AD1F64A9B900246129 /* Info.plist */,
			);
			path = ToDo;
			sourceTree = "<group>";
		};
		962430B51F64A9B900246129 /* ToDoTests */ = {
			isa = PBXGroup;
			children = (
				96A39A9D1F6F477D000E7749 /* Storyboard */,
				96A39A9B1F6F474E000E7749 /* Networking */,
				96838A781F65BEB800B55284 /* Controller */,
				96838A701F65A5AD00B55284 /* Model */,
				962430B81F64A9B900246129 /* Info.plist */,
			);
			path = ToDoTests;
			sourceTree = "<group>";
		};
		962430C31F64ADA600246129 /* Model */ = {
			isa = PBXGroup;
			children = (
				962430C41F64ADB900246129 /* ToDoItem.swift */,
				962430C61F64BAC100246129 /* Location.swift */,
				9603B25C1F64E02E0093B145 /* ItemManager.swift */,
			);
			path = Model;
			sourceTree = "<group>";
		};
		96838A701F65A5AD00B55284 /* Model */ = {
			isa = PBXGroup;
			children = (
				962430C11F64ACEB00246129 /* ToDoItemTests.swift */,
				962430C81F64BE2300246129 /* LocationTests.swift */,
				9603B25E1F64E0580093B145 /* ItemManagerTest.swift */,
			);
			path = Model;
			sourceTree = "<group>";
		};
		96838A771F65BE9800B55284 /* Conroller */ = {
			isa = PBXGroup;
			children = (
				96838A731F65AB4900B55284 /* ItemListViewController.swift */,
				96838A751F65B26100B55284 /* ItemListDataProvider.swift */,
				96D0DFAC1F66398F008D9740 /* ItemCell.swift */,
				96AFC3581F68E6FC0023B314 /* DetailViewController.swift */,
				96DDADDF1F69EAC500C8D26D /* InputViewController.swift */,
			);
			path = Conroller;
			sourceTree = "<group>";
		};
		96838A781F65BEB800B55284 /* Controller */ = {
			isa = PBXGroup;
			children = (
				96838A711F65A5E000B55284 /* ItemListViewControllerTests.swift */,
				96838A791F65BED600B55284 /* ItemDataProviderTests.swift */,
				961D848C1F67961B007FEBF6 /* ItemCellTests.swift */,
				96AFC3561F68E6410023B314 /* DetailViewControllerTests.swift */,
				96DDADDD1F69E98C00C8D26D /* InputViewControllerTests.swift */,
			);
			path = Controller;
			sourceTree = "<group>";
		};
		96A39A9B1F6F474E000E7749 /* Networking */ = {
			isa = PBXGroup;
			children = (
				96B5DC291F6DF1EE0013847E /* APIClientTests.swift */,
			);
			path = Networking;
			sourceTree = "<group>";
		};
		96A39A9C1F6F4760000E7749 /* Networking */ = {
			isa = PBXGroup;
			children = (
				96B5DC2B1F6DF2630013847E /* APIClient.swift */,
				96B5DC2D1F6E01390013847E /* Token.swift */,
			);
			path = Networking;
			sourceTree = "<group>";
		};
		96A39A9D1F6F477D000E7749 /* Storyboard */ = {
			isa = PBXGroup;
			children = (
				96A39A9E1F6F479C000E7749 /* StoryboardTests.swift */,
			);
			path = Storyboard;
			sourceTree = "<group>";
		};
		96B2834E1F73451C00885C1A /* ToDoUITests */ = {
			isa = PBXGroup;
			children = (
				96B2834F1F73451C00885C1A /* ToDoUITests.swift */,
				96B283511F73451C00885C1A /* Info.plist */,
			);
			path = ToDoUITests;
			sourceTree = "<group>";
		};
/* End PBXGroup section */

/* Begin PBXNativeTarget section */
		9624309D1F64A9B900246129 /* ToDo */ = {
			isa = PBXNativeTarget;
			buildConfigurationList = 962430BB1F64A9B900246129 /* Build configuration list for PBXNativeTarget "ToDo" */;
			buildPhases = (
				9624309A1F64A9B900246129 /* Sources */,
				9624309B1F64A9B900246129 /* Frameworks */,
				9624309C1F64A9B900246129 /* Resources */,
			);
			buildRules = (
			);
			dependencies = (
			);
			name = ToDo;
			productName = ToDo;
			productReference = 9624309E1F64A9B900246129 /* ToDo.app */;
			productType = "com.apple.product-type.application";
		};
		962430B11F64A9B900246129 /* ToDoTests */ = {
			isa = PBXNativeTarget;
			buildConfigurationList = 962430BE1F64A9B900246129 /* Build configuration list for PBXNativeTarget "ToDoTests" */;
			buildPhases = (
				962430AE1F64A9B900246129 /* Sources */,
				962430AF1F64A9B900246129 /* Frameworks */,
				962430B01F64A9B900246129 /* Resources */,
			);
			buildRules = (
			);
			dependencies = (
				962430B41F64A9B900246129 /* PBXTargetDependency */,
			);
			name = ToDoTests;
			productName = ToDoTests;
			productReference = 962430B21F64A9B900246129 /* ToDoTests.xctest */;
			productType = "com.apple.product-type.bundle.unit-test";
		};
		96B2834C1F73451C00885C1A /* ToDoUITests */ = {
			isa = PBXNativeTarget;
			buildConfigurationList = 96B283561F73451C00885C1A /* Build configuration list for PBXNativeTarget "ToDoUITests" */;
			buildPhases = (
				96B283491F73451C00885C1A /* Sources */,
				96B2834A1F73451C00885C1A /* Frameworks */,
				96B2834B1F73451C00885C1A /* Resources */,
			);
			buildRules = (
			);
			dependencies = (
				96B283531F73451C00885C1A /* PBXTargetDependency */,
			);
			name = ToDoUITests;
			productName = ToDoUITests;
			productReference = 96B2834D1F73451C00885C1A /* ToDoUITests.xctest */;
			productType = "com.apple.product-type.bundle.ui-testing";
		};
/* End PBXNativeTarget section */

/* Begin PBXProject section */
		962430961F64A9B900246129 /* Project object */ = {
			isa = PBXProject;
			attributes = {
				LastSwiftUpdateCheck = 0900;
				LastUpgradeCheck = 0900;
				ORGANIZATIONNAME = "Roman Subrychak";
				TargetAttributes = {
					9624309D1F64A9B900246129 = {
						CreatedOnToolsVersion = 9.0;
					};
					962430B11F64A9B900246129 = {
						CreatedOnToolsVersion = 9.0;
						TestTargetID = 9624309D1F64A9B900246129;
					};
					96B2834C1F73451C00885C1A = {
						CreatedOnToolsVersion = 9.0;
						ProvisioningStyle = Automatic;
						TestTargetID = 9624309D1F64A9B900246129;
					};
				};
			};
			buildConfigurationList = 962430991F64A9B900246129 /* Build configuration list for PBXProject "ToDo" */;
			compatibilityVersion = "Xcode 8.0";
			developmentRegion = en;
			hasScannedForEncodings = 0;
			knownRegions = (
				en,
				Base,
			);
			mainGroup = 962430951F64A9B900246129;
			productRefGroup = 9624309F1F64A9B900246129 /* Products */;
			projectDirPath = "";
			projectRoot = "";
			targets = (
				9624309D1F64A9B900246129 /* ToDo */,
				962430B11F64A9B900246129 /* ToDoTests */,
				96B2834C1F73451C00885C1A /* ToDoUITests */,
			);
		};
/* End PBXProject section */

/* Begin PBXResourcesBuildPhase section */
		9624309C1F64A9B900246129 /* Resources */ = {
			isa = PBXResourcesBuildPhase;
			buildActionMask = 2147483647;
			files = (
				962430AC1F64A9B900246129 /* LaunchScreen.storyboard in Resources */,
				962430A91F64A9B900246129 /* Assets.xcassets in Resources */,
				962430A71F64A9B900246129 /* Main.storyboard in Resources */,
			);
			runOnlyForDeploymentPostprocessing = 0;
		};
		962430B01F64A9B900246129 /* Resources */ = {
			isa = PBXResourcesBuildPhase;
			buildActionMask = 2147483647;
			files = (
			);
			runOnlyForDeploymentPostprocessing = 0;
		};
		96B2834B1F73451C00885C1A /* Resources */ = {
			isa = PBXResourcesBuildPhase;
			buildActionMask = 2147483647;
			files = (
			);
			runOnlyForDeploymentPostprocessing = 0;
		};
/* End PBXResourcesBuildPhase section */

/* Begin PBXSourcesBuildPhase section */
		9624309A1F64A9B900246129 /* Sources */ = {
			isa = PBXSourcesBuildPhase;
			buildActionMask = 2147483647;
			files = (
				96DDADE01F69EAC500C8D26D /* InputViewController.swift in Sources */,
				9603B25D1F64E02E0093B145 /* ItemManager.swift in Sources */,
				96838A761F65B26100B55284 /* ItemListDataProvider.swift in Sources */,
				96B5DC2C1F6DF2630013847E /* APIClient.swift in Sources */,
				96838A741F65AB4900B55284 /* ItemListViewController.swift in Sources */,
				962430A21F64A9B900246129 /* AppDelegate.swift in Sources */,
				96D0DFAD1F66398F008D9740 /* ItemCell.swift in Sources */,
				96B5DC2E1F6E01390013847E /* Token.swift in Sources */,
				962430C71F64BAC100246129 /* Location.swift in Sources */,
				962430C51F64ADB900246129 /* ToDoItem.swift in Sources */,
				96AFC3591F68E6FC0023B314 /* DetailViewController.swift in Sources */,
			);
			runOnlyForDeploymentPostprocessing = 0;
		};
		962430AE1F64A9B900246129 /* Sources */ = {
			isa = PBXSourcesBuildPhase;
			buildActionMask = 2147483647;
			files = (
				961D848D1F67961B007FEBF6 /* ItemCellTests.swift in Sources */,
				962430C91F64BE2300246129 /* LocationTests.swift in Sources */,
				96838A7A1F65BED600B55284 /* ItemDataProviderTests.swift in Sources */,
				96DDADDE1F69E98C00C8D26D /* InputViewControllerTests.swift in Sources */,
				962430C21F64ACEB00246129 /* ToDoItemTests.swift in Sources */,
				96AFC3571F68E6410023B314 /* DetailViewControllerTests.swift in Sources */,
				96A39A9F1F6F479C000E7749 /* StoryboardTests.swift in Sources */,
				96B5DC2A1F6DF1EE0013847E /* APIClientTests.swift in Sources */,
				9603B25F1F64E0580093B145 /* ItemManagerTest.swift in Sources */,
				96838A721F65A5E000B55284 /* ItemListViewControllerTests.swift in Sources */,
			);
			runOnlyForDeploymentPostprocessing = 0;
		};
		96B283491F73451C00885C1A /* Sources */ = {
			isa = PBXSourcesBuildPhase;
			buildActionMask = 2147483647;
			files = (
				96B283501F73451C00885C1A /* ToDoUITests.swift in Sources */,
			);
			runOnlyForDeploymentPostprocessing = 0;
		};
/* End PBXSourcesBuildPhase section */

/* Begin PBXTargetDependency section */
		962430B41F64A9B900246129 /* PBXTargetDependency */ = {
			isa = PBXTargetDependency;
			target = 9624309D1F64A9B900246129 /* ToDo */;
			targetProxy = 962430B31F64A9B900246129 /* PBXContainerItemProxy */;
		};
		96B283531F73451C00885C1A /* PBXTargetDependency */ = {
			isa = PBXTargetDependency;
			target = 9624309D1F64A9B900246129 /* ToDo */;
			targetProxy = 96B283521F73451C00885C1A /* PBXContainerItemProxy */;
		};
/* End PBXTargetDependency section */

/* Begin PBXVariantGroup section */
		962430A51F64A9B900246129 /* Main.storyboard */ = {
			isa = PBXVariantGroup;
			children = (
				962430A61F64A9B900246129 /* Base */,
			);
			name = Main.storyboard;
			sourceTree = "<group>";
		};
		962430AA1F64A9B900246129 /* LaunchScreen.storyboard */ = {
			isa = PBXVariantGroup;
			children = (
				962430AB1F64A9B900246129 /* Base */,
			);
			name = LaunchScreen.storyboard;
			sourceTree = "<group>";
		};
/* End PBXVariantGroup section */

/* Begin XCBuildConfiguration section */
		962430B91F64A9B900246129 /* Debug */ = {
			isa = XCBuildConfiguration;
			buildSettings = {
				ALWAYS_SEARCH_USER_PATHS = NO;
				CLANG_ANALYZER_NONNULL = YES;
				CLANG_ANALYZER_NUMBER_OBJECT_CONVERSION = YES_AGGRESSIVE;
				CLANG_CXX_LANGUAGE_STANDARD = "gnu++14";
				CLANG_CXX_LIBRARY = "libc++";
				CLANG_ENABLE_MODULES = YES;
				CLANG_ENABLE_OBJC_ARC = YES;
				CLANG_WARN_BLOCK_CAPTURE_AUTORELEASING = YES;
				CLANG_WARN_BOOL_CONVERSION = YES;
				CLANG_WARN_COMMA = YES;
				CLANG_WARN_CONSTANT_CONVERSION = YES;
				CLANG_WARN_DIRECT_OBJC_ISA_USAGE = YES_ERROR;
				CLANG_WARN_DOCUMENTATION_COMMENTS = YES;
				CLANG_WARN_EMPTY_BODY = YES;
				CLANG_WARN_ENUM_CONVERSION = YES;
				CLANG_WARN_INFINITE_RECURSION = YES;
				CLANG_WARN_INT_CONVERSION = YES;
				CLANG_WARN_NON_LITERAL_NULL_CONVERSION = YES;
				CLANG_WARN_OBJC_LITERAL_CONVERSION = YES;
				CLANG_WARN_OBJC_ROOT_CLASS = YES_ERROR;
				CLANG_WARN_RANGE_LOOP_ANALYSIS = YES;
				CLANG_WARN_STRICT_PROTOTYPES = YES;
				CLANG_WARN_SUSPICIOUS_MOVE = YES;
				CLANG_WARN_UNGUARDED_AVAILABILITY = YES_AGGRESSIVE;
				CLANG_WARN_UNREACHABLE_CODE = YES;
				CLANG_WARN__DUPLICATE_METHOD_MATCH = YES;
				CODE_SIGN_IDENTITY = "iPhone Developer";
				COPY_PHASE_STRIP = NO;
				DEBUG_INFORMATION_FORMAT = dwarf;
				ENABLE_STRICT_OBJC_MSGSEND = YES;
				ENABLE_TESTABILITY = YES;
				GCC_C_LANGUAGE_STANDARD = gnu11;
				GCC_DYNAMIC_NO_PIC = NO;
				GCC_NO_COMMON_BLOCKS = YES;
				GCC_OPTIMIZATION_LEVEL = 0;
				GCC_PREPROCESSOR_DEFINITIONS = (
					"DEBUG=1",
					"$(inherited)",
				);
				GCC_WARN_64_TO_32_BIT_CONVERSION = YES;
				GCC_WARN_ABOUT_RETURN_TYPE = YES_ERROR;
				GCC_WARN_UNDECLARED_SELECTOR = YES;
				GCC_WARN_UNINITIALIZED_AUTOS = YES_AGGRESSIVE;
				GCC_WARN_UNUSED_FUNCTION = YES;
				GCC_WARN_UNUSED_VARIABLE = YES;
				IPHONEOS_DEPLOYMENT_TARGET = 11.0;
				MTL_ENABLE_DEBUG_INFO = YES;
				ONLY_ACTIVE_ARCH = YES;
				SDKROOT = iphoneos;
				SWIFT_ACTIVE_COMPILATION_CONDITIONS = DEBUG;
				SWIFT_OPTIMIZATION_LEVEL = "-Onone";
			};
			name = Debug;
		};
		962430BA1F64A9B900246129 /* Release */ = {
			isa = XCBuildConfiguration;
			buildSettings = {
				ALWAYS_SEARCH_USER_PATHS = NO;
				CLANG_ANALYZER_NONNULL = YES;
				CLANG_ANALYZER_NUMBER_OBJECT_CONVERSION = YES_AGGRESSIVE;
				CLANG_CXX_LANGUAGE_STANDARD = "gnu++14";
				CLANG_CXX_LIBRARY = "libc++";
				CLANG_ENABLE_MODULES = YES;
				CLANG_ENABLE_OBJC_ARC = YES;
				CLANG_WARN_BLOCK_CAPTURE_AUTORELEASING = YES;
				CLANG_WARN_BOOL_CONVERSION = YES;
				CLANG_WARN_COMMA = YES;
				CLANG_WARN_CONSTANT_CONVERSION = YES;
				CLANG_WARN_DIRECT_OBJC_ISA_USAGE = YES_ERROR;
				CLANG_WARN_DOCUMENTATION_COMMENTS = YES;
				CLANG_WARN_EMPTY_BODY = YES;
				CLANG_WARN_ENUM_CONVERSION = YES;
				CLANG_WARN_INFINITE_RECURSION = YES;
				CLANG_WARN_INT_CONVERSION = YES;
				CLANG_WARN_NON_LITERAL_NULL_CONVERSION = YES;
				CLANG_WARN_OBJC_LITERAL_CONVERSION = YES;
				CLANG_WARN_OBJC_ROOT_CLASS = YES_ERROR;
				CLANG_WARN_RANGE_LOOP_ANALYSIS = YES;
				CLANG_WARN_STRICT_PROTOTYPES = YES;
				CLANG_WARN_SUSPICIOUS_MOVE = YES;
				CLANG_WARN_UNGUARDED_AVAILABILITY = YES_AGGRESSIVE;
				CLANG_WARN_UNREACHABLE_CODE = YES;
				CLANG_WARN__DUPLICATE_METHOD_MATCH = YES;
				CODE_SIGN_IDENTITY = "iPhone Developer";
				COPY_PHASE_STRIP = NO;
				DEBUG_INFORMATION_FORMAT = "dwarf-with-dsym";
				ENABLE_NS_ASSERTIONS = NO;
				ENABLE_STRICT_OBJC_MSGSEND = YES;
				GCC_C_LANGUAGE_STANDARD = gnu11;
				GCC_NO_COMMON_BLOCKS = YES;
				GCC_WARN_64_TO_32_BIT_CONVERSION = YES;
				GCC_WARN_ABOUT_RETURN_TYPE = YES_ERROR;
				GCC_WARN_UNDECLARED_SELECTOR = YES;
				GCC_WARN_UNINITIALIZED_AUTOS = YES_AGGRESSIVE;
				GCC_WARN_UNUSED_FUNCTION = YES;
				GCC_WARN_UNUSED_VARIABLE = YES;
				IPHONEOS_DEPLOYMENT_TARGET = 11.0;
				MTL_ENABLE_DEBUG_INFO = NO;
				SDKROOT = iphoneos;
				SWIFT_OPTIMIZATION_LEVEL = "-Owholemodule";
				VALIDATE_PRODUCT = YES;
			};
			name = Release;
		};
		962430BC1F64A9B900246129 /* Debug */ = {
			isa = XCBuildConfiguration;
			buildSettings = {
				ASSETCATALOG_COMPILER_APPICON_NAME = AppIcon;
				INFOPLIST_FILE = ToDo/Info.plist;
				LD_RUNPATH_SEARCH_PATHS = "$(inherited) @executable_path/Frameworks";
				PRODUCT_BUNDLE_IDENTIFIER = com.roman.subrychak.ToDo;
				PRODUCT_NAME = "$(TARGET_NAME)";
				SWIFT_VERSION = 4.0;
				TARGETED_DEVICE_FAMILY = "1,2";
			};
			name = Debug;
		};
		962430BD1F64A9B900246129 /* Release */ = {
			isa = XCBuildConfiguration;
			buildSettings = {
				ASSETCATALOG_COMPILER_APPICON_NAME = AppIcon;
				INFOPLIST_FILE = ToDo/Info.plist;
				LD_RUNPATH_SEARCH_PATHS = "$(inherited) @executable_path/Frameworks";
				PRODUCT_BUNDLE_IDENTIFIER = com.roman.subrychak.ToDo;
				PRODUCT_NAME = "$(TARGET_NAME)";
				SWIFT_VERSION = 4.0;
				TARGETED_DEVICE_FAMILY = "1,2";
			};
			name = Release;
		};
		962430BF1F64A9B900246129 /* Debug */ = {
			isa = XCBuildConfiguration;
			buildSettings = {
				ALWAYS_EMBED_SWIFT_STANDARD_LIBRARIES = YES;
				BUNDLE_LOADER = "$(TEST_HOST)";
				INFOPLIST_FILE = ToDoTests/Info.plist;
				LD_RUNPATH_SEARCH_PATHS = "$(inherited) @executable_path/Frameworks @loader_path/Frameworks";
				PRODUCT_BUNDLE_IDENTIFIER = com.roman.subrychak.ToDoTests;
				PRODUCT_NAME = "$(TARGET_NAME)";
				SWIFT_VERSION = 4.0;
				TARGETED_DEVICE_FAMILY = "1,2";
				TEST_HOST = "$(BUILT_PRODUCTS_DIR)/ToDo.app/ToDo";
			};
			name = Debug;
		};
		962430C01F64A9B900246129 /* Release */ = {
			isa = XCBuildConfiguration;
			buildSettings = {
				ALWAYS_EMBED_SWIFT_STANDARD_LIBRARIES = YES;
				BUNDLE_LOADER = "$(TEST_HOST)";
				INFOPLIST_FILE = ToDoTests/Info.plist;
				LD_RUNPATH_SEARCH_PATHS = "$(inherited) @executable_path/Frameworks @loader_path/Frameworks";
				PRODUCT_BUNDLE_IDENTIFIER = com.roman.subrychak.ToDoTests;
				PRODUCT_NAME = "$(TARGET_NAME)";
				SWIFT_VERSION = 4.0;
				TARGETED_DEVICE_FAMILY = "1,2";
				TEST_HOST = "$(BUILT_PRODUCTS_DIR)/ToDo.app/ToDo";
			};
			name = Release;
		};
		96B283541F73451C00885C1A /* Debug */ = {
			isa = XCBuildConfiguration;
			buildSettings = {
				CODE_SIGN_STYLE = Automatic;
				INFOPLIST_FILE = ToDoUITests/Info.plist;
				LD_RUNPATH_SEARCH_PATHS = "$(inherited) @executable_path/Frameworks @loader_path/Frameworks";
				PRODUCT_BUNDLE_IDENTIFIER = com.roman.subrychak.ToDoUITests;
				PRODUCT_NAME = "$(TARGET_NAME)";
				SWIFT_VERSION = 4.0;
				TARGETED_DEVICE_FAMILY = "1,2";
				TEST_TARGET_NAME = ToDo;
			};
			name = Debug;
		};
		96B283551F73451C00885C1A /* Release */ = {
			isa = XCBuildConfiguration;
			buildSettings = {
				CODE_SIGN_STYLE = Automatic;
				INFOPLIST_FILE = ToDoUITests/Info.plist;
				LD_RUNPATH_SEARCH_PATHS = "$(inherited) @executable_path/Frameworks @loader_path/Frameworks";
				PRODUCT_BUNDLE_IDENTIFIER = com.roman.subrychak.ToDoUITests;
				PRODUCT_NAME = "$(TARGET_NAME)";
				SWIFT_VERSION = 4.0;
				TARGETED_DEVICE_FAMILY = "1,2";
				TEST_TARGET_NAME = ToDo;
			};
			name = Release;
		};
/* End XCBuildConfiguration section */

/* Begin XCConfigurationList section */
		962430991F64A9B900246129 /* Build configuration list for PBXProject "ToDo" */ = {
			isa = XCConfigurationList;
			buildConfigurations = (
				962430B91F64A9B900246129 /* Debug */,
				962430BA1F64A9B900246129 /* Release */,
			);
			defaultConfigurationIsVisible = 0;
			defaultConfigurationName = Release;
		};
		962430BB1F64A9B900246129 /* Build configuration list for PBXNativeTarget "ToDo" */ = {
			isa = XCConfigurationList;
			buildConfigurations = (
				962430BC1F64A9B900246129 /* Debug */,
				962430BD1F64A9B900246129 /* Release */,
			);
			defaultConfigurationIsVisible = 0;
			defaultConfigurationName = Release;
		};
		962430BE1F64A9B900246129 /* Build configuration list for PBXNativeTarget "ToDoTests" */ = {
			isa = XCConfigurationList;
			buildConfigurations = (
				962430BF1F64A9B900246129 /* Debug */,
				962430C01F64A9B900246129 /* Release */,
			);
			defaultConfigurationIsVisible = 0;
			defaultConfigurationName = Release;
		};
		96B283561F73451C00885C1A /* Build configuration list for PBXNativeTarget "ToDoUITests" */ = {
			isa = XCConfigurationList;
			buildConfigurations = (
				96B283541F73451C00885C1A /* Debug */,
				96B283551F73451C00885C1A /* Release */,
			);
			defaultConfigurationIsVisible = 0;
			defaultConfigurationName = Release;
		};
/* End XCConfigurationList section */
	};
	rootObject = 962430961F64A9B900246129 /* Project object */;
}
